
Microsoft Visual Studio Solution File, Format Version 12.00
# Visual Studio Version 17
VisualStudioVersion = 17.4.33213.308
MinimumVisualStudioVersion = 10.0.40219.1
Project("{FAE04EC0-301F-11D3-BF4B-00C04F79EFBC}") = "COMP003A.LectureActivity3", "COMP003A.LectureActivity3\COMP003A.LectureActivity3.csproj", "{30415B3A-7370-4472-AC05-541DAF02A8F2}"
EndProject
Global
	GlobalSection(SolutionConfigurationPlatforms) = preSolution
		Debug|Any CPU = Debug|Any CPU
		Release|Any CPU = Release|Any CPU
	EndGlobalSection
	GlobalSection(ProjectConfigurationPlatforms) = postSolution
		{30415B3A-7370-4472-AC05-541DAF02A8F2}.Debug|Any CPU.ActiveCfg = Debug|Any CPU
		{30415B3A-7370-4472-AC05-541DAF02A8F2}.Debug|Any CPU.Build.0 = Debug|Any CPU
		{30415B3A-7370-4472-AC05-541DAF02A8F2}.Release|Any CPU.ActiveCfg = Release|Any CPU
		{30415B3A-7370-4472-AC05-541DAF02A8F2}.Release|Any CPU.Build.0 = Release|Any CPU
	EndGlobalSection
	GlobalSection(SolutionProperties) = preSolution
		HideSolutionNode = FALSE
	EndGlobalSection
	GlobalSection(ExtensibilityGlobals) = postSolution
		SolutionGuid = {05219413-B4B6-485D-8878-BB99D85D29FD}
	EndGlobalSection
EndGlobal
